// !$*UTF8*$!
{
	archiveVersion = 1;
	classes = {
	};
	objectVersion = 50;
	objects = {

/* Begin PBXBuildFile section */
		7807D22426B2FCAF00631A24 /* SearchServiceMock.swift in Sources */ = {isa = PBXBuildFile; fileRef = 7807D22326B2FCAF00631A24 /* SearchServiceMock.swift */; };
		7807D22526B2FCD900631A24 /* SearchServiceMock.swift in Sources */ = {isa = PBXBuildFile; fileRef = 7807D22326B2FCAF00631A24 /* SearchServiceMock.swift */; };
		7807D22726B337B200631A24 /* DetailViewController.swift in Sources */ = {isa = PBXBuildFile; fileRef = 7807D22626B337B200631A24 /* DetailViewController.swift */; };
		7807D22A26B33FB300631A24 /* SearchServiceProtocol.swift in Sources */ = {isa = PBXBuildFile; fileRef = 7807D22926B33FB300631A24 /* SearchServiceProtocol.swift */; };
		78F4A1FA26B1A22100FE676F /* AppDelegate.swift in Sources */ = {isa = PBXBuildFile; fileRef = 78F4A1F926B1A22100FE676F /* AppDelegate.swift */; };
		78F4A20326B1A22200FE676F /* Assets.xcassets in Resources */ = {isa = PBXBuildFile; fileRef = 78F4A20226B1A22200FE676F /* Assets.xcassets */; };
		78F4A20626B1A22200FE676F /* LaunchScreen.storyboard in Resources */ = {isa = PBXBuildFile; fileRef = 78F4A20426B1A22200FE676F /* LaunchScreen.storyboard */; };
		78F4A21126B1A22200FE676F /* SearchHubAppTests.swift in Sources */ = {isa = PBXBuildFile; fileRef = 78F4A21026B1A22200FE676F /* SearchHubAppTests.swift */; };
		78F4A21C26B1A22200FE676F /* SearchHubAppUITests.swift in Sources */ = {isa = PBXBuildFile; fileRef = 78F4A21B26B1A22200FE676F /* SearchHubAppUITests.swift */; };
		78F4A22A26B1A8FE00FE676F /* CoordinatorProtocol.swift in Sources */ = {isa = PBXBuildFile; fileRef = 78F4A22926B1A8FE00FE676F /* CoordinatorProtocol.swift */; };
		78F4A22C26B1A92D00FE676F /* Coordinator.swift in Sources */ = {isa = PBXBuildFile; fileRef = 78F4A22B26B1A92D00FE676F /* Coordinator.swift */; };
		78F4A22F26B1AACD00FE676F /* Facade.swift in Sources */ = {isa = PBXBuildFile; fileRef = 78F4A22E26B1AACD00FE676F /* Facade.swift */; };
		78F4A23126B1AD8A00FE676F /* SearchViewController.swift in Sources */ = {isa = PBXBuildFile; fileRef = 78F4A23026B1AD8A00FE676F /* SearchViewController.swift */; };
		78F4A23326B1AE1400FE676F /* UIViewController+SwiftUI.swift in Sources */ = {isa = PBXBuildFile; fileRef = 78F4A23226B1AE1400FE676F /* UIViewController+SwiftUI.swift */; };
		78F4A23626B1B04200FE676F /* FacadeProtocol.swift in Sources */ = {isa = PBXBuildFile; fileRef = 78F4A23526B1B04200FE676F /* FacadeProtocol.swift */; };
		78F4A23D26B1B48900FE676F /* SearchContentView.swift in Sources */ = {isa = PBXBuildFile; fileRef = 78F4A23C26B1B48900FE676F /* SearchContentView.swift */; };
		78F4A24026B1B53100FE676F /* Theme.swift in Sources */ = {isa = PBXBuildFile; fileRef = 78F4A23F26B1B53100FE676F /* Theme.swift */; };
		78F4A24226B1B54C00FE676F /* Color+Hex.swift in Sources */ = {isa = PBXBuildFile; fileRef = 78F4A24126B1B54C00FE676F /* Color+Hex.swift */; };
		78F4A24526B1B62A00FE676F /* SHLabelWithIcon.swift in Sources */ = {isa = PBXBuildFile; fileRef = 78F4A24426B1B62A00FE676F /* SHLabelWithIcon.swift */; };
		78F4A24726B1B64300FE676F /* SHIcon.swift in Sources */ = {isa = PBXBuildFile; fileRef = 78F4A24626B1B64300FE676F /* SHIcon.swift */; };
		78F4A24926B1B67100FE676F /* SHSearchField.swift in Sources */ = {isa = PBXBuildFile; fileRef = 78F4A24826B1B67100FE676F /* SHSearchField.swift */; };
		78F4A24B26B1B7C000FE676F /* SearchViewModel.swift in Sources */ = {isa = PBXBuildFile; fileRef = 78F4A24A26B1B7C000FE676F /* SearchViewModel.swift */; };
		78F4A24E26B1B84200FE676F /* SearchResultView.swift in Sources */ = {isa = PBXBuildFile; fileRef = 78F4A24D26B1B84200FE676F /* SearchResultView.swift */; };
		78F4A25226B1B92000FE676F /* SearchEndpoint.swift in Sources */ = {isa = PBXBuildFile; fileRef = 78F4A25126B1B92000FE676F /* SearchEndpoint.swift */; };
		78F4A25626B1B9B500FE676F /* RepositoryMock.swift in Sources */ = {isa = PBXBuildFile; fileRef = 78F4A25526B1B9B500FE676F /* RepositoryMock.swift */; };
		78F4A25726B1B9DE00FE676F /* RepositoryMock.swift in Sources */ = {isa = PBXBuildFile; fileRef = 78F4A25526B1B9B500FE676F /* RepositoryMock.swift */; };
		78F4A25926B1BAEF00FE676F /* SearchModel.swift in Sources */ = {isa = PBXBuildFile; fileRef = 78F4A25826B1BAEF00FE676F /* SearchModel.swift */; };
		78F4A25B26B1C19F00FE676F /* NavigatorProtocol.swift in Sources */ = {isa = PBXBuildFile; fileRef = 78F4A25A26B1C19F00FE676F /* NavigatorProtocol.swift */; };
		78F4A25D26B1C32500FE676F /* SHLogo.swift in Sources */ = {isa = PBXBuildFile; fileRef = 78F4A25C26B1C32500FE676F /* SHLogo.swift */; };
		78F4A26026B1D17300FE676F /* EndpointProtocol.swift in Sources */ = {isa = PBXBuildFile; fileRef = 78F4A25F26B1D17300FE676F /* EndpointProtocol.swift */; };
		78F4A26226B1D32300FE676F /* URLRequestFactory.swift in Sources */ = {isa = PBXBuildFile; fileRef = 78F4A26126B1D32300FE676F /* URLRequestFactory.swift */; };
		78F4A26426B1D5B600FE676F /* RepositoryModel.swift in Sources */ = {isa = PBXBuildFile; fileRef = 78F4A26326B1D5B600FE676F /* RepositoryModel.swift */; };
		78F4A26626B1D61900FE676F /* String+LocalizedError.swift in Sources */ = {isa = PBXBuildFile; fileRef = 78F4A26526B1D61900FE676F /* String+LocalizedError.swift */; };
		78F4A26826B1D70300FE676F /* SearchService.swift in Sources */ = {isa = PBXBuildFile; fileRef = 78F4A26726B1D70300FE676F /* SearchService.swift */; };
		78F4A26A26B1D87300FE676F /* JsonDecoder+Formatter.swift in Sources */ = {isa = PBXBuildFile; fileRef = 78F4A26926B1D87300FE676F /* JsonDecoder+Formatter.swift */; };
		78F50BA326B461DB00FB5963 /* ImageLoader.swift in Sources */ = {isa = PBXBuildFile; fileRef = 78F50BA226B461DB00FB5963 /* ImageLoader.swift */; };
		78F50BA526B4621F00FB5963 /* SHURLImage.swift in Sources */ = {isa = PBXBuildFile; fileRef = 78F50BA426B4621F00FB5963 /* SHURLImage.swift */; };
		78F50BA726B68EE600FB5963 /* SHButton.swift in Sources */ = {isa = PBXBuildFile; fileRef = 78F50BA626B68EE600FB5963 /* SHButton.swift */; };
		78F50BAA26B6A31F00FB5963 /* Int+Divide.swift in Sources */ = {isa = PBXBuildFile; fileRef = 78F50BA926B6A31F00FB5963 /* Int+Divide.swift */; };
		78F50BAC26B6A3CE00FB5963 /* SearchResponseModel.swift in Sources */ = {isa = PBXBuildFile; fileRef = 78F50BAB26B6A3CE00FB5963 /* SearchResponseModel.swift */; };
		78F50BAE26B6D5C000FB5963 /* EmptyPlaceholder.swift in Sources */ = {isa = PBXBuildFile; fileRef = 78F50BAD26B6D5C000FB5963 /* EmptyPlaceholder.swift */; };
/* End PBXBuildFile section */

/* Begin PBXContainerItemProxy section */
		78F4A20D26B1A22200FE676F /* PBXContainerItemProxy */ = {
			isa = PBXContainerItemProxy;
			containerPortal = 78F4A1EE26B1A22100FE676F /* Project object */;
			proxyType = 1;
			remoteGlobalIDString = 78F4A1F526B1A22100FE676F;
			remoteInfo = SearchHubApp;
		};
		78F4A21826B1A22200FE676F /* PBXContainerItemProxy */ = {
			isa = PBXContainerItemProxy;
			containerPortal = 78F4A1EE26B1A22100FE676F /* Project object */;
			proxyType = 1;
			remoteGlobalIDString = 78F4A1F526B1A22100FE676F;
			remoteInfo = SearchHubApp;
		};
/* End PBXContainerItemProxy section */

/* Begin PBXFileReference section */
		7807D22326B2FCAF00631A24 /* SearchServiceMock.swift */ = {isa = PBXFileReference; lastKnownFileType = sourcecode.swift; path = SearchServiceMock.swift; sourceTree = "<group>"; };
		7807D22626B337B200631A24 /* DetailViewController.swift */ = {isa = PBXFileReference; lastKnownFileType = sourcecode.swift; path = DetailViewController.swift; sourceTree = "<group>"; };
		7807D22926B33FB300631A24 /* SearchServiceProtocol.swift */ = {isa = PBXFileReference; lastKnownFileType = sourcecode.swift; path = SearchServiceProtocol.swift; sourceTree = "<group>"; };
		78F4A1F626B1A22100FE676F /* SearchHubApp.app */ = {isa = PBXFileReference; explicitFileType = wrapper.application; includeInIndex = 0; path = SearchHubApp.app; sourceTree = BUILT_PRODUCTS_DIR; };
		78F4A1F926B1A22100FE676F /* AppDelegate.swift */ = {isa = PBXFileReference; lastKnownFileType = sourcecode.swift; path = AppDelegate.swift; sourceTree = "<group>"; };
		78F4A20226B1A22200FE676F /* Assets.xcassets */ = {isa = PBXFileReference; lastKnownFileType = folder.assetcatalog; path = Assets.xcassets; sourceTree = "<group>"; };
		78F4A20526B1A22200FE676F /* Base */ = {isa = PBXFileReference; lastKnownFileType = file.storyboard; name = Base; path = Base.lproj/LaunchScreen.storyboard; sourceTree = "<group>"; };
		78F4A20726B1A22200FE676F /* Info.plist */ = {isa = PBXFileReference; lastKnownFileType = text.plist.xml; path = Info.plist; sourceTree = "<group>"; };
		78F4A20C26B1A22200FE676F /* SearchHubAppTests.xctest */ = {isa = PBXFileReference; explicitFileType = wrapper.cfbundle; includeInIndex = 0; path = SearchHubAppTests.xctest; sourceTree = BUILT_PRODUCTS_DIR; };
		78F4A21026B1A22200FE676F /* SearchHubAppTests.swift */ = {isa = PBXFileReference; lastKnownFileType = sourcecode.swift; path = SearchHubAppTests.swift; sourceTree = "<group>"; };
		78F4A21226B1A22200FE676F /* Info.plist */ = {isa = PBXFileReference; lastKnownFileType = text.plist.xml; path = Info.plist; sourceTree = "<group>"; };
		78F4A21726B1A22200FE676F /* SearchHubAppUITests.xctest */ = {isa = PBXFileReference; explicitFileType = wrapper.cfbundle; includeInIndex = 0; path = SearchHubAppUITests.xctest; sourceTree = BUILT_PRODUCTS_DIR; };
		78F4A21B26B1A22200FE676F /* SearchHubAppUITests.swift */ = {isa = PBXFileReference; lastKnownFileType = sourcecode.swift; path = SearchHubAppUITests.swift; sourceTree = "<group>"; };
		78F4A21D26B1A22200FE676F /* Info.plist */ = {isa = PBXFileReference; lastKnownFileType = text.plist.xml; path = Info.plist; sourceTree = "<group>"; };
		78F4A22926B1A8FE00FE676F /* CoordinatorProtocol.swift */ = {isa = PBXFileReference; lastKnownFileType = sourcecode.swift; path = CoordinatorProtocol.swift; sourceTree = "<group>"; };
		78F4A22B26B1A92D00FE676F /* Coordinator.swift */ = {isa = PBXFileReference; lastKnownFileType = sourcecode.swift; path = Coordinator.swift; sourceTree = "<group>"; };
		78F4A22E26B1AACD00FE676F /* Facade.swift */ = {isa = PBXFileReference; lastKnownFileType = sourcecode.swift; path = Facade.swift; sourceTree = "<group>"; };
		78F4A23026B1AD8A00FE676F /* SearchViewController.swift */ = {isa = PBXFileReference; lastKnownFileType = sourcecode.swift; path = SearchViewController.swift; sourceTree = "<group>"; };
		78F4A23226B1AE1400FE676F /* UIViewController+SwiftUI.swift */ = {isa = PBXFileReference; lastKnownFileType = sourcecode.swift; path = "UIViewController+SwiftUI.swift"; sourceTree = "<group>"; };
		78F4A23526B1B04200FE676F /* FacadeProtocol.swift */ = {isa = PBXFileReference; lastKnownFileType = sourcecode.swift; path = FacadeProtocol.swift; sourceTree = "<group>"; };
		78F4A23C26B1B48900FE676F /* SearchContentView.swift */ = {isa = PBXFileReference; lastKnownFileType = sourcecode.swift; path = SearchContentView.swift; sourceTree = "<group>"; };
		78F4A23F26B1B53100FE676F /* Theme.swift */ = {isa = PBXFileReference; lastKnownFileType = sourcecode.swift; path = Theme.swift; sourceTree = "<group>"; };
		78F4A24126B1B54C00FE676F /* Color+Hex.swift */ = {isa = PBXFileReference; lastKnownFileType = sourcecode.swift; path = "Color+Hex.swift"; sourceTree = "<group>"; };
		78F4A24426B1B62A00FE676F /* SHLabelWithIcon.swift */ = {isa = PBXFileReference; lastKnownFileType = sourcecode.swift; path = SHLabelWithIcon.swift; sourceTree = "<group>"; };
		78F4A24626B1B64300FE676F /* SHIcon.swift */ = {isa = PBXFileReference; lastKnownFileType = sourcecode.swift; path = SHIcon.swift; sourceTree = "<group>"; };
		78F4A24826B1B67100FE676F /* SHSearchField.swift */ = {isa = PBXFileReference; lastKnownFileType = sourcecode.swift; path = SHSearchField.swift; sourceTree = "<group>"; };
		78F4A24A26B1B7C000FE676F /* SearchViewModel.swift */ = {isa = PBXFileReference; lastKnownFileType = sourcecode.swift; path = SearchViewModel.swift; sourceTree = "<group>"; };
		78F4A24D26B1B84200FE676F /* SearchResultView.swift */ = {isa = PBXFileReference; lastKnownFileType = sourcecode.swift; path = SearchResultView.swift; sourceTree = "<group>"; };
		78F4A25126B1B92000FE676F /* SearchEndpoint.swift */ = {isa = PBXFileReference; lastKnownFileType = sourcecode.swift; path = SearchEndpoint.swift; sourceTree = "<group>"; };
		78F4A25526B1B9B500FE676F /* RepositoryMock.swift */ = {isa = PBXFileReference; lastKnownFileType = sourcecode.swift; path = RepositoryMock.swift; sourceTree = "<group>"; };
		78F4A25826B1BAEF00FE676F /* SearchModel.swift */ = {isa = PBXFileReference; lastKnownFileType = sourcecode.swift; path = SearchModel.swift; sourceTree = "<group>"; };
		78F4A25A26B1C19F00FE676F /* NavigatorProtocol.swift */ = {isa = PBXFileReference; lastKnownFileType = sourcecode.swift; path = NavigatorProtocol.swift; sourceTree = "<group>"; };
		78F4A25C26B1C32500FE676F /* SHLogo.swift */ = {isa = PBXFileReference; lastKnownFileType = sourcecode.swift; path = SHLogo.swift; sourceTree = "<group>"; };
		78F4A25F26B1D17300FE676F /* EndpointProtocol.swift */ = {isa = PBXFileReference; lastKnownFileType = sourcecode.swift; path = EndpointProtocol.swift; sourceTree = "<group>"; };
		78F4A26126B1D32300FE676F /* URLRequestFactory.swift */ = {isa = PBXFileReference; lastKnownFileType = sourcecode.swift; path = URLRequestFactory.swift; sourceTree = "<group>"; };
		78F4A26326B1D5B600FE676F /* RepositoryModel.swift */ = {isa = PBXFileReference; lastKnownFileType = sourcecode.swift; path = RepositoryModel.swift; sourceTree = "<group>"; };
		78F4A26526B1D61900FE676F /* String+LocalizedError.swift */ = {isa = PBXFileReference; lastKnownFileType = sourcecode.swift; path = "String+LocalizedError.swift"; sourceTree = "<group>"; };
		78F4A26726B1D70300FE676F /* SearchService.swift */ = {isa = PBXFileReference; lastKnownFileType = sourcecode.swift; path = SearchService.swift; sourceTree = "<group>"; };
		78F4A26926B1D87300FE676F /* JsonDecoder+Formatter.swift */ = {isa = PBXFileReference; lastKnownFileType = sourcecode.swift; path = "JsonDecoder+Formatter.swift"; sourceTree = "<group>"; };
		78F50BA226B461DB00FB5963 /* ImageLoader.swift */ = {isa = PBXFileReference; lastKnownFileType = sourcecode.swift; path = ImageLoader.swift; sourceTree = "<group>"; };
		78F50BA426B4621F00FB5963 /* SHURLImage.swift */ = {isa = PBXFileReference; lastKnownFileType = sourcecode.swift; path = SHURLImage.swift; sourceTree = "<group>"; };
		78F50BA626B68EE600FB5963 /* SHButton.swift */ = {isa = PBXFileReference; lastKnownFileType = sourcecode.swift; path = SHButton.swift; sourceTree = "<group>"; };
		78F50BA926B6A31F00FB5963 /* Int+Divide.swift */ = {isa = PBXFileReference; lastKnownFileType = sourcecode.swift; path = "Int+Divide.swift"; sourceTree = "<group>"; };
		78F50BAB26B6A3CE00FB5963 /* SearchResponseModel.swift */ = {isa = PBXFileReference; lastKnownFileType = sourcecode.swift; path = SearchResponseModel.swift; sourceTree = "<group>"; };
		78F50BAD26B6D5C000FB5963 /* EmptyPlaceholder.swift */ = {isa = PBXFileReference; lastKnownFileType = sourcecode.swift; path = EmptyPlaceholder.swift; sourceTree = "<group>"; };
/* End PBXFileReference section */

/* Begin PBXFrameworksBuildPhase section */
		78F4A1F326B1A22100FE676F /* Frameworks */ = {
			isa = PBXFrameworksBuildPhase;
			buildActionMask = 2147483647;
			files = (
			);
			runOnlyForDeploymentPostprocessing = 0;
		};
		78F4A20926B1A22200FE676F /* Frameworks */ = {
			isa = PBXFrameworksBuildPhase;
			buildActionMask = 2147483647;
			files = (
			);
			runOnlyForDeploymentPostprocessing = 0;
		};
		78F4A21426B1A22200FE676F /* Frameworks */ = {
			isa = PBXFrameworksBuildPhase;
			buildActionMask = 2147483647;
			files = (
			);
			runOnlyForDeploymentPostprocessing = 0;
		};
/* End PBXFrameworksBuildPhase section */

/* Begin PBXGroup section */
		7807D22826B3389200631A24 /* Models */ = {
			isa = PBXGroup;
			children = (
				78F4A26326B1D5B600FE676F /* RepositoryModel.swift */,
			);
			path = Models;
			sourceTree = "<group>";
		};
		78F4A1ED26B1A22100FE676F = {
			isa = PBXGroup;
			children = (
				78F4A1F826B1A22100FE676F /* SearchHubApp */,
				78F4A20F26B1A22200FE676F /* SearchHubAppTests */,
				78F4A21A26B1A22200FE676F /* SearchHubAppUITests */,
				78F4A1F726B1A22100FE676F /* Products */,
			);
			sourceTree = "<group>";
		};
		78F4A1F726B1A22100FE676F /* Products */ = {
			isa = PBXGroup;
			children = (
				78F4A1F626B1A22100FE676F /* SearchHubApp.app */,
				78F4A20C26B1A22200FE676F /* SearchHubAppTests.xctest */,
				78F4A21726B1A22200FE676F /* SearchHubAppUITests.xctest */,
			);
			name = Products;
			sourceTree = "<group>";
		};
		78F4A1F826B1A22100FE676F /* SearchHubApp */ = {
			isa = PBXGroup;
			children = (
				7807D22826B3389200631A24 /* Models */,
				78F4A22D26B1AA7E00FE676F /* Coordinator */,
				78F4A23426B1AFE800FE676F /* Extensions */,
				78F4A24F26B1B8FD00FE676F /* Services */,
				78F4A23E26B1B51400FE676F /* UILibrary */,
				78F4A23826B1B41F00FE676F /* Views */,
				78F4A1F926B1A22100FE676F /* AppDelegate.swift */,
				78F4A20226B1A22200FE676F /* Assets.xcassets */,
				78F4A20726B1A22200FE676F /* Info.plist */,
				78F4A20426B1A22200FE676F /* LaunchScreen.storyboard */,
			);
			path = SearchHubApp;
			sourceTree = "<group>";
		};
		78F4A20F26B1A22200FE676F /* SearchHubAppTests */ = {
			isa = PBXGroup;
			children = (
				78F4A25326B1B98900FE676F /* Mocks */,
				78F4A21026B1A22200FE676F /* SearchHubAppTests.swift */,
				78F4A21226B1A22200FE676F /* Info.plist */,
			);
			path = SearchHubAppTests;
			sourceTree = "<group>";
		};
		78F4A21A26B1A22200FE676F /* SearchHubAppUITests */ = {
			isa = PBXGroup;
			children = (
				78F4A21B26B1A22200FE676F /* SearchHubAppUITests.swift */,
				78F4A21D26B1A22200FE676F /* Info.plist */,
			);
			path = SearchHubAppUITests;
			sourceTree = "<group>";
		};
		78F4A22D26B1AA7E00FE676F /* Coordinator */ = {
			isa = PBXGroup;
			children = (
				78F4A22926B1A8FE00FE676F /* CoordinatorProtocol.swift */,
				78F4A22B26B1A92D00FE676F /* Coordinator.swift */,
				78F4A22E26B1AACD00FE676F /* Facade.swift */,
				78F4A23526B1B04200FE676F /* FacadeProtocol.swift */,
				78F4A25A26B1C19F00FE676F /* NavigatorProtocol.swift */,
			);
			path = Coordinator;
			sourceTree = "<group>";
		};
		78F4A23426B1AFE800FE676F /* Extensions */ = {
			isa = PBXGroup;
			children = (
				78F4A23226B1AE1400FE676F /* UIViewController+SwiftUI.swift */,
				78F4A24126B1B54C00FE676F /* Color+Hex.swift */,
				78F4A26526B1D61900FE676F /* String+LocalizedError.swift */,
				78F4A26926B1D87300FE676F /* JsonDecoder+Formatter.swift */,
				78F50BA926B6A31F00FB5963 /* Int+Divide.swift */,
			);
			path = Extensions;
			sourceTree = "<group>";
		};
		78F4A23826B1B41F00FE676F /* Views */ = {
			isa = PBXGroup;
			children = (
				78F4A23926B1B42500FE676F /* Search */,
				7807D22626B337B200631A24 /* DetailViewController.swift */,
			);
			path = Views;
			sourceTree = "<group>";
		};
		78F4A23926B1B42500FE676F /* Search */ = {
			isa = PBXGroup;
			children = (
				78F4A24C26B1B82C00FE676F /* Components */,
				78F4A23026B1AD8A00FE676F /* SearchViewController.swift */,
				78F4A23C26B1B48900FE676F /* SearchContentView.swift */,
				78F4A24A26B1B7C000FE676F /* SearchViewModel.swift */,
				78F4A25826B1BAEF00FE676F /* SearchModel.swift */,
			);
			path = Search;
			sourceTree = "<group>";
		};
		78F4A23E26B1B51400FE676F /* UILibrary */ = {
			isa = PBXGroup;
			children = (
				78F4A24326B1B61400FE676F /* Views */,
				78F4A23F26B1B53100FE676F /* Theme.swift */,
			);
			path = UILibrary;
			sourceTree = "<group>";
		};
		78F4A24326B1B61400FE676F /* Views */ = {
			isa = PBXGroup;
			children = (
				78F4A24426B1B62A00FE676F /* SHLabelWithIcon.swift */,
				78F4A24626B1B64300FE676F /* SHIcon.swift */,
				78F4A25C26B1C32500FE676F /* SHLogo.swift */,
				78F4A24826B1B67100FE676F /* SHSearchField.swift */,
				78F50BA426B4621F00FB5963 /* SHURLImage.swift */,
				78F50BA626B68EE600FB5963 /* SHButton.swift */,
			);
			path = Views;
			sourceTree = "<group>";
		};
		78F4A24C26B1B82C00FE676F /* Components */ = {
			isa = PBXGroup;
			children = (
				78F4A24D26B1B84200FE676F /* SearchResultView.swift */,
				78F50BAD26B6D5C000FB5963 /* EmptyPlaceholder.swift */,
			);
			path = Components;
			sourceTree = "<group>";
		};
		78F4A24F26B1B8FD00FE676F /* Services */ = {
			isa = PBXGroup;
			children = (
				78F50BA826B6A2DF00FB5963 /* Endpoints */,
				78F50BA226B461DB00FB5963 /* ImageLoader.swift */,
			);
			path = Services;
			sourceTree = "<group>";
		};
		78F4A25026B1B90C00FE676F /* Search */ = {
			isa = PBXGroup;
			children = (
				78F4A25126B1B92000FE676F /* SearchEndpoint.swift */,
				78F4A26726B1D70300FE676F /* SearchService.swift */,
				7807D22926B33FB300631A24 /* SearchServiceProtocol.swift */,
				78F50BAB26B6A3CE00FB5963 /* SearchResponseModel.swift */,
			);
			path = Search;
			sourceTree = "<group>";
		};
		78F4A25326B1B98900FE676F /* Mocks */ = {
			isa = PBXGroup;
			children = (
				78F4A25526B1B9B500FE676F /* RepositoryMock.swift */,
				7807D22326B2FCAF00631A24 /* SearchServiceMock.swift */,
			);
			path = Mocks;
			sourceTree = "<group>";
		};
		78F50BA826B6A2DF00FB5963 /* Endpoints */ = {
			isa = PBXGroup;
			children = (
				78F4A25026B1B90C00FE676F /* Search */,
				78F4A25F26B1D17300FE676F /* EndpointProtocol.swift */,
				78F4A26126B1D32300FE676F /* URLRequestFactory.swift */,
			);
			path = Endpoints;
			sourceTree = "<group>";
		};
/* End PBXGroup section */

/* Begin PBXNativeTarget section */
		78F4A1F526B1A22100FE676F /* SearchHubApp */ = {
			isa = PBXNativeTarget;
			buildConfigurationList = 78F4A22026B1A22200FE676F /* Build configuration list for PBXNativeTarget "SearchHubApp" */;
			buildPhases = (
				78F4A1F226B1A22100FE676F /* Sources */,
				78F4A1F326B1A22100FE676F /* Frameworks */,
				78F4A1F426B1A22100FE676F /* Resources */,
			);
			buildRules = (
			);
			dependencies = (
			);
			name = SearchHubApp;
			productName = SearchHubApp;
			productReference = 78F4A1F626B1A22100FE676F /* SearchHubApp.app */;
			productType = "com.apple.product-type.application";
		};
		78F4A20B26B1A22200FE676F /* SearchHubAppTests */ = {
			isa = PBXNativeTarget;
			buildConfigurationList = 78F4A22326B1A22200FE676F /* Build configuration list for PBXNativeTarget "SearchHubAppTests" */;
			buildPhases = (
				78F4A20826B1A22200FE676F /* Sources */,
				78F4A20926B1A22200FE676F /* Frameworks */,
				78F4A20A26B1A22200FE676F /* Resources */,
			);
			buildRules = (
			);
			dependencies = (
				78F4A20E26B1A22200FE676F /* PBXTargetDependency */,
			);
			name = SearchHubAppTests;
			productName = SearchHubAppTests;
			productReference = 78F4A20C26B1A22200FE676F /* SearchHubAppTests.xctest */;
			productType = "com.apple.product-type.bundle.unit-test";
		};
		78F4A21626B1A22200FE676F /* SearchHubAppUITests */ = {
			isa = PBXNativeTarget;
			buildConfigurationList = 78F4A22626B1A22200FE676F /* Build configuration list for PBXNativeTarget "SearchHubAppUITests" */;
			buildPhases = (
				78F4A21326B1A22200FE676F /* Sources */,
				78F4A21426B1A22200FE676F /* Frameworks */,
				78F4A21526B1A22200FE676F /* Resources */,
			);
			buildRules = (
			);
			dependencies = (
				78F4A21926B1A22200FE676F /* PBXTargetDependency */,
			);
			name = SearchHubAppUITests;
			productName = SearchHubAppUITests;
			productReference = 78F4A21726B1A22200FE676F /* SearchHubAppUITests.xctest */;
			productType = "com.apple.product-type.bundle.ui-testing";
		};
/* End PBXNativeTarget section */

/* Begin PBXProject section */
		78F4A1EE26B1A22100FE676F /* Project object */ = {
			isa = PBXProject;
			attributes = {
				LastSwiftUpdateCheck = 1250;
				LastUpgradeCheck = 1250;
				TargetAttributes = {
					78F4A1F526B1A22100FE676F = {
						CreatedOnToolsVersion = 12.5;
					};
					78F4A20B26B1A22200FE676F = {
						CreatedOnToolsVersion = 12.5;
						TestTargetID = 78F4A1F526B1A22100FE676F;
					};
					78F4A21626B1A22200FE676F = {
						CreatedOnToolsVersion = 12.5;
						TestTargetID = 78F4A1F526B1A22100FE676F;
					};
				};
			};
			buildConfigurationList = 78F4A1F126B1A22100FE676F /* Build configuration list for PBXProject "SearchHubApp" */;
			compatibilityVersion = "Xcode 9.3";
			developmentRegion = en;
			hasScannedForEncodings = 0;
			knownRegions = (
				en,
				Base,
			);
			mainGroup = 78F4A1ED26B1A22100FE676F;
			productRefGroup = 78F4A1F726B1A22100FE676F /* Products */;
			projectDirPath = "";
			projectRoot = "";
			targets = (
				78F4A1F526B1A22100FE676F /* SearchHubApp */,
				78F4A20B26B1A22200FE676F /* SearchHubAppTests */,
				78F4A21626B1A22200FE676F /* SearchHubAppUITests */,
			);
		};
/* End PBXProject section */

/* Begin PBXResourcesBuildPhase section */
		78F4A1F426B1A22100FE676F /* Resources */ = {
			isa = PBXResourcesBuildPhase;
			buildActionMask = 2147483647;
			files = (
				78F4A20626B1A22200FE676F /* LaunchScreen.storyboard in Resources */,
				78F4A20326B1A22200FE676F /* Assets.xcassets in Resources */,
			);
			runOnlyForDeploymentPostprocessing = 0;
		};
		78F4A20A26B1A22200FE676F /* Resources */ = {
			isa = PBXResourcesBuildPhase;
			buildActionMask = 2147483647;
			files = (
			);
			runOnlyForDeploymentPostprocessing = 0;
		};
		78F4A21526B1A22200FE676F /* Resources */ = {
			isa = PBXResourcesBuildPhase;
			buildActionMask = 2147483647;
			files = (
			);
			runOnlyForDeploymentPostprocessing = 0;
		};
/* End PBXResourcesBuildPhase section */

/* Begin PBXSourcesBuildPhase section */
		78F4A1F226B1A22100FE676F /* Sources */ = {
			isa = PBXSourcesBuildPhase;
			buildActionMask = 2147483647;
			files = (
				78F50BA726B68EE600FB5963 /* SHButton.swift in Sources */,
				78F4A24526B1B62A00FE676F /* SHLabelWithIcon.swift in Sources */,
				78F4A26626B1D61900FE676F /* String+LocalizedError.swift in Sources */,
				78F50BA326B461DB00FB5963 /* ImageLoader.swift in Sources */,
				78F4A24026B1B53100FE676F /* Theme.swift in Sources */,
				78F4A23326B1AE1400FE676F /* UIViewController+SwiftUI.swift in Sources */,
				78F4A25926B1BAEF00FE676F /* SearchModel.swift in Sources */,
				78F4A26226B1D32300FE676F /* URLRequestFactory.swift in Sources */,
				78F50BAE26B6D5C000FB5963 /* EmptyPlaceholder.swift in Sources */,
				78F4A26426B1D5B600FE676F /* RepositoryModel.swift in Sources */,
				78F4A23126B1AD8A00FE676F /* SearchViewController.swift in Sources */,
				78F50BA526B4621F00FB5963 /* SHURLImage.swift in Sources */,
				78F4A24E26B1B84200FE676F /* SearchResultView.swift in Sources */,
				78F4A26026B1D17300FE676F /* EndpointProtocol.swift in Sources */,
				78F4A25D26B1C32500FE676F /* SHLogo.swift in Sources */,
				78F50BAC26B6A3CE00FB5963 /* SearchResponseModel.swift in Sources */,
				78F4A1FA26B1A22100FE676F /* AppDelegate.swift in Sources */,
				78F4A25226B1B92000FE676F /* SearchEndpoint.swift in Sources */,
				78F50BAA26B6A31F00FB5963 /* Int+Divide.swift in Sources */,
				78F4A22F26B1AACD00FE676F /* Facade.swift in Sources */,
				78F4A24726B1B64300FE676F /* SHIcon.swift in Sources */,
				78F4A24226B1B54C00FE676F /* Color+Hex.swift in Sources */,
				78F4A24B26B1B7C000FE676F /* SearchViewModel.swift in Sources */,
				78F4A25726B1B9DE00FE676F /* RepositoryMock.swift in Sources */,
				78F4A22A26B1A8FE00FE676F /* CoordinatorProtocol.swift in Sources */,
				78F4A26A26B1D87300FE676F /* JsonDecoder+Formatter.swift in Sources */,
				78F4A23626B1B04200FE676F /* FacadeProtocol.swift in Sources */,
				78F4A24926B1B67100FE676F /* SHSearchField.swift in Sources */,
				78F4A23D26B1B48900FE676F /* SearchContentView.swift in Sources */,
				78F4A26826B1D70300FE676F /* SearchService.swift in Sources */,
				78F4A25B26B1C19F00FE676F /* NavigatorProtocol.swift in Sources */,
				7807D22A26B33FB300631A24 /* SearchServiceProtocol.swift in Sources */,
				78F4A22C26B1A92D00FE676F /* Coordinator.swift in Sources */,
				7807D22526B2FCD900631A24 /* SearchServiceMock.swift in Sources */,
				7807D22726B337B200631A24 /* DetailViewController.swift in Sources */,
			);
			runOnlyForDeploymentPostprocessing = 0;
		};
		78F4A20826B1A22200FE676F /* Sources */ = {
			isa = PBXSourcesBuildPhase;
			buildActionMask = 2147483647;
			files = (
				78F4A21126B1A22200FE676F /* SearchHubAppTests.swift in Sources */,
				78F4A25626B1B9B500FE676F /* RepositoryMock.swift in Sources */,
				7807D22426B2FCAF00631A24 /* SearchServiceMock.swift in Sources */,
			);
			runOnlyForDeploymentPostprocessing = 0;
		};
		78F4A21326B1A22200FE676F /* Sources */ = {
			isa = PBXSourcesBuildPhase;
			buildActionMask = 2147483647;
			files = (
				78F4A21C26B1A22200FE676F /* SearchHubAppUITests.swift in Sources */,
			);
			runOnlyForDeploymentPostprocessing = 0;
		};
/* End PBXSourcesBuildPhase section */

/* Begin PBXTargetDependency section */
		78F4A20E26B1A22200FE676F /* PBXTargetDependency */ = {
			isa = PBXTargetDependency;
			target = 78F4A1F526B1A22100FE676F /* SearchHubApp */;
			targetProxy = 78F4A20D26B1A22200FE676F /* PBXContainerItemProxy */;
		};
		78F4A21926B1A22200FE676F /* PBXTargetDependency */ = {
			isa = PBXTargetDependency;
			target = 78F4A1F526B1A22100FE676F /* SearchHubApp */;
			targetProxy = 78F4A21826B1A22200FE676F /* PBXContainerItemProxy */;
		};
/* End PBXTargetDependency section */

/* Begin PBXVariantGroup section */
		78F4A20426B1A22200FE676F /* LaunchScreen.storyboard */ = {
			isa = PBXVariantGroup;
			children = (
				78F4A20526B1A22200FE676F /* Base */,
			);
			name = LaunchScreen.storyboard;
			sourceTree = "<group>";
		};
/* End PBXVariantGroup section */

/* Begin XCBuildConfiguration section */
		78F4A21E26B1A22200FE676F /* Debug */ = {
			isa = XCBuildConfiguration;
			buildSettings = {
				ALWAYS_SEARCH_USER_PATHS = NO;
				CLANG_ANALYZER_NONNULL = YES;
				CLANG_ANALYZER_NUMBER_OBJECT_CONVERSION = YES_AGGRESSIVE;
				CLANG_CXX_LANGUAGE_STANDARD = "gnu++14";
				CLANG_CXX_LIBRARY = "libc++";
				CLANG_ENABLE_MODULES = YES;
				CLANG_ENABLE_OBJC_ARC = YES;
				CLANG_ENABLE_OBJC_WEAK = YES;
				CLANG_WARN_BLOCK_CAPTURE_AUTORELEASING = YES;
				CLANG_WARN_BOOL_CONVERSION = YES;
				CLANG_WARN_COMMA = YES;
				CLANG_WARN_CONSTANT_CONVERSION = YES;
				CLANG_WARN_DEPRECATED_OBJC_IMPLEMENTATIONS = YES;
				CLANG_WARN_DIRECT_OBJC_ISA_USAGE = YES_ERROR;
				CLANG_WARN_DOCUMENTATION_COMMENTS = YES;
				CLANG_WARN_EMPTY_BODY = YES;
				CLANG_WARN_ENUM_CONVERSION = YES;
				CLANG_WARN_INFINITE_RECURSION = YES;
				CLANG_WARN_INT_CONVERSION = YES;
				CLANG_WARN_NON_LITERAL_NULL_CONVERSION = YES;
				CLANG_WARN_OBJC_IMPLICIT_RETAIN_SELF = YES;
				CLANG_WARN_OBJC_LITERAL_CONVERSION = YES;
				CLANG_WARN_OBJC_ROOT_CLASS = YES_ERROR;
				CLANG_WARN_QUOTED_INCLUDE_IN_FRAMEWORK_HEADER = YES;
				CLANG_WARN_RANGE_LOOP_ANALYSIS = YES;
				CLANG_WARN_STRICT_PROTOTYPES = YES;
				CLANG_WARN_SUSPICIOUS_MOVE = YES;
				CLANG_WARN_UNGUARDED_AVAILABILITY = YES_AGGRESSIVE;
				CLANG_WARN_UNREACHABLE_CODE = YES;
				CLANG_WARN__DUPLICATE_METHOD_MATCH = YES;
				COPY_PHASE_STRIP = NO;
				DEBUG_INFORMATION_FORMAT = dwarf;
				ENABLE_STRICT_OBJC_MSGSEND = YES;
				ENABLE_TESTABILITY = YES;
				GCC_C_LANGUAGE_STANDARD = gnu11;
				GCC_DYNAMIC_NO_PIC = NO;
				GCC_NO_COMMON_BLOCKS = YES;
				GCC_OPTIMIZATION_LEVEL = 0;
				GCC_PREPROCESSOR_DEFINITIONS = (
					"DEBUG=1",
					"$(inherited)",
				);
				GCC_WARN_64_TO_32_BIT_CONVERSION = YES;
				GCC_WARN_ABOUT_RETURN_TYPE = YES_ERROR;
				GCC_WARN_UNDECLARED_SELECTOR = YES;
				GCC_WARN_UNINITIALIZED_AUTOS = YES_AGGRESSIVE;
				GCC_WARN_UNUSED_FUNCTION = YES;
				GCC_WARN_UNUSED_VARIABLE = YES;
				IPHONEOS_DEPLOYMENT_TARGET = 14.1;
				MTL_ENABLE_DEBUG_INFO = INCLUDE_SOURCE;
				MTL_FAST_MATH = YES;
				ONLY_ACTIVE_ARCH = YES;
				SDKROOT = iphoneos;
				SWIFT_ACTIVE_COMPILATION_CONDITIONS = DEBUG;
				SWIFT_OPTIMIZATION_LEVEL = "-Onone";
			};
			name = Debug;
		};
		78F4A21F26B1A22200FE676F /* Release */ = {
			isa = XCBuildConfiguration;
			buildSettings = {
				ALWAYS_SEARCH_USER_PATHS = NO;
				CLANG_ANALYZER_NONNULL = YES;
				CLANG_ANALYZER_NUMBER_OBJECT_CONVERSION = YES_AGGRESSIVE;
				CLANG_CXX_LANGUAGE_STANDARD = "gnu++14";
				CLANG_CXX_LIBRARY = "libc++";
				CLANG_ENABLE_MODULES = YES;
				CLANG_ENABLE_OBJC_ARC = YES;
				CLANG_ENABLE_OBJC_WEAK = YES;
				CLANG_WARN_BLOCK_CAPTURE_AUTORELEASING = YES;
				CLANG_WARN_BOOL_CONVERSION = YES;
				CLANG_WARN_COMMA = YES;
				CLANG_WARN_CONSTANT_CONVERSION = YES;
				CLANG_WARN_DEPRECATED_OBJC_IMPLEMENTATIONS = YES;
				CLANG_WARN_DIRECT_OBJC_ISA_USAGE = YES_ERROR;
				CLANG_WARN_DOCUMENTATION_COMMENTS = YES;
				CLANG_WARN_EMPTY_BODY = YES;
				CLANG_WARN_ENUM_CONVERSION = YES;
				CLANG_WARN_INFINITE_RECURSION = YES;
				CLANG_WARN_INT_CONVERSION = YES;
				CLANG_WARN_NON_LITERAL_NULL_CONVERSION = YES;
				CLANG_WARN_OBJC_IMPLICIT_RETAIN_SELF = YES;
				CLANG_WARN_OBJC_LITERAL_CONVERSION = YES;
				CLANG_WARN_OBJC_ROOT_CLASS = YES_ERROR;
				CLANG_WARN_QUOTED_INCLUDE_IN_FRAMEWORK_HEADER = YES;
				CLANG_WARN_RANGE_LOOP_ANALYSIS = YES;
				CLANG_WARN_STRICT_PROTOTYPES = YES;
				CLANG_WARN_SUSPICIOUS_MOVE = YES;
				CLANG_WARN_UNGUARDED_AVAILABILITY = YES_AGGRESSIVE;
				CLANG_WARN_UNREACHABLE_CODE = YES;
				CLANG_WARN__DUPLICATE_METHOD_MATCH = YES;
				COPY_PHASE_STRIP = NO;
				DEBUG_INFORMATION_FORMAT = "dwarf-with-dsym";
				ENABLE_NS_ASSERTIONS = NO;
				ENABLE_STRICT_OBJC_MSGSEND = YES;
				GCC_C_LANGUAGE_STANDARD = gnu11;
				GCC_NO_COMMON_BLOCKS = YES;
				GCC_WARN_64_TO_32_BIT_CONVERSION = YES;
				GCC_WARN_ABOUT_RETURN_TYPE = YES_ERROR;
				GCC_WARN_UNDECLARED_SELECTOR = YES;
				GCC_WARN_UNINITIALIZED_AUTOS = YES_AGGRESSIVE;
				GCC_WARN_UNUSED_FUNCTION = YES;
				GCC_WARN_UNUSED_VARIABLE = YES;
				IPHONEOS_DEPLOYMENT_TARGET = 14.1;
				MTL_ENABLE_DEBUG_INFO = NO;
				MTL_FAST_MATH = YES;
				SDKROOT = iphoneos;
				SWIFT_COMPILATION_MODE = wholemodule;
				SWIFT_OPTIMIZATION_LEVEL = "-O";
				VALIDATE_PRODUCT = YES;
			};
			name = Release;
		};
		78F4A22126B1A22200FE676F /* Debug */ = {
			isa = XCBuildConfiguration;
			buildSettings = {
				ASSETCATALOG_COMPILER_APPICON_NAME = AppIcon;
				ASSETCATALOG_COMPILER_GLOBAL_ACCENT_COLOR_NAME = AccentColor;
				CODE_SIGN_STYLE = Automatic;
				DEVELOPMENT_TEAM = MJXRVBTNWZ;
				INFOPLIST_FILE = SearchHubApp/Info.plist;
				LD_RUNPATH_SEARCH_PATHS = (
					"$(inherited)",
					"@executable_path/Frameworks",
				);
				PRODUCT_BUNDLE_IDENTIFIER = noemirozpara.SearchHubApp;
				PRODUCT_NAME = "$(TARGET_NAME)";
				SWIFT_VERSION = 5.0;
				TARGETED_DEVICE_FAMILY = 1;
			};
			name = Debug;
		};
		78F4A22226B1A22200FE676F /* Release */ = {
			isa = XCBuildConfiguration;
			buildSettings = {
				ASSETCATALOG_COMPILER_APPICON_NAME = AppIcon;
				ASSETCATALOG_COMPILER_GLOBAL_ACCENT_COLOR_NAME = AccentColor;
				CODE_SIGN_STYLE = Automatic;
				DEVELOPMENT_TEAM = MJXRVBTNWZ;
				INFOPLIST_FILE = SearchHubApp/Info.plist;
				LD_RUNPATH_SEARCH_PATHS = (
					"$(inherited)",
					"@executable_path/Frameworks",
				);
				PRODUCT_BUNDLE_IDENTIFIER = noemirozpara.SearchHubApp;
				PRODUCT_NAME = "$(TARGET_NAME)";
				SWIFT_VERSION = 5.0;
				TARGETED_DEVICE_FAMILY = 1;
			};
			name = Release;
		};
		78F4A22426B1A22200FE676F /* Debug */ = {
			isa = XCBuildConfiguration;
			buildSettings = {
				ALWAYS_EMBED_SWIFT_STANDARD_LIBRARIES = YES;
				BUNDLE_LOADER = "$(TEST_HOST)";
				CODE_SIGN_STYLE = Automatic;
				DEVELOPMENT_TEAM = MJXRVBTNWZ;
				INFOPLIST_FILE = SearchHubAppTests/Info.plist;
				IPHONEOS_DEPLOYMENT_TARGET = 14.5;
				LD_RUNPATH_SEARCH_PATHS = (
					"$(inherited)",
					"@executable_path/Frameworks",
					"@loader_path/Frameworks",
				);
				PRODUCT_BUNDLE_IDENTIFIER = noemirozpara.SearchHubAppTests;
				PRODUCT_NAME = "$(TARGET_NAME)";
				SWIFT_VERSION = 5.0;
				TARGETED_DEVICE_FAMILY = "1,2";
				TEST_HOST = "$(BUILT_PRODUCTS_DIR)/SearchHubApp.app/SearchHubApp";
			};
			name = Debug;
		};
		78F4A22526B1A22200FE676F /* Release */ = {
			isa = XCBuildConfiguration;
			buildSettings = {
				ALWAYS_EMBED_SWIFT_STANDARD_LIBRARIES = YES;
				BUNDLE_LOADER = "$(TEST_HOST)";
				CODE_SIGN_STYLE = Automatic;
				DEVELOPMENT_TEAM = MJXRVBTNWZ;
				INFOPLIST_FILE = SearchHubAppTests/Info.plist;
				IPHONEOS_DEPLOYMENT_TARGET = 14.5;
				LD_RUNPATH_SEARCH_PATHS = (
					"$(inherited)",
					"@executable_path/Frameworks",
					"@loader_path/Frameworks",
				);
				PRODUCT_BUNDLE_IDENTIFIER = noemirozpara.SearchHubAppTests;
				PRODUCT_NAME = "$(TARGET_NAME)";
				SWIFT_VERSION = 5.0;
				TARGETED_DEVICE_FAMILY = "1,2";
				TEST_HOST = "$(BUILT_PRODUCTS_DIR)/SearchHubApp.app/SearchHubApp";
			};
			name = Release;
		};
		78F4A22726B1A22200FE676F /* Debug */ = {
			isa = XCBuildConfiguration;
			buildSettings = {
				ALWAYS_EMBED_SWIFT_STANDARD_LIBRARIES = YES;
				CODE_SIGN_STYLE = Automatic;
				DEVELOPMENT_TEAM = MJXRVBTNWZ;
				INFOPLIST_FILE = SearchHubAppUITests/Info.plist;
				LD_RUNPATH_SEARCH_PATHS = (
					"$(inherited)",
					"@executable_path/Frameworks",
					"@loader_path/Frameworks",
				);
				PRODUCT_BUNDLE_IDENTIFIER = noemirozpara.SearchHubAppUITests;
				PRODUCT_NAME = "$(TARGET_NAME)";
				SWIFT_VERSION = 5.0;
				TARGETED_DEVICE_FAMILY = "1,2";
				TEST_TARGET_NAME = SearchHubApp;
			};
			name = Debug;
		};
		78F4A22826B1A22200FE676F /* Release */ = {
			isa = XCBuildConfiguration;
			buildSettings = {
				ALWAYS_EMBED_SWIFT_STANDARD_LIBRARIES = YES;
				CODE_SIGN_STYLE = Automatic;
				DEVELOPMENT_TEAM = MJXRVBTNWZ;
				INFOPLIST_FILE = SearchHubAppUITests/Info.plist;
				LD_RUNPATH_SEARCH_PATHS = (
					"$(inherited)",
					"@executable_path/Frameworks",
					"@loader_path/Frameworks",
				);
				PRODUCT_BUNDLE_IDENTIFIER = noemirozpara.SearchHubAppUITests;
				PRODUCT_NAME = "$(TARGET_NAME)";
				SWIFT_VERSION = 5.0;
				TARGETED_DEVICE_FAMILY = "1,2";
				TEST_TARGET_NAME = SearchHubApp;
			};
			name = Release;
		};
/* End XCBuildConfiguration section */

/* Begin XCConfigurationList section */
		78F4A1F126B1A22100FE676F /* Build configuration list for PBXProject "SearchHubApp" */ = {
			isa = XCConfigurationList;
			buildConfigurations = (
				78F4A21E26B1A22200FE676F /* Debug */,
				78F4A21F26B1A22200FE676F /* Release */,
			);
			defaultConfigurationIsVisible = 0;
			defaultConfigurationName = Release;
		};
		78F4A22026B1A22200FE676F /* Build configuration list for PBXNativeTarget "SearchHubApp" */ = {
			isa = XCConfigurationList;
			buildConfigurations = (
				78F4A22126B1A22200FE676F /* Debug */,
				78F4A22226B1A22200FE676F /* Release */,
			);
			defaultConfigurationIsVisible = 0;
			defaultConfigurationName = Release;
		};
		78F4A22326B1A22200FE676F /* Build configuration list for PBXNativeTarget "SearchHubAppTests" */ = {
			isa = XCConfigurationList;
			buildConfigurations = (
				78F4A22426B1A22200FE676F /* Debug */,
				78F4A22526B1A22200FE676F /* Release */,
			);
			defaultConfigurationIsVisible = 0;
			defaultConfigurationName = Release;
		};
		78F4A22626B1A22200FE676F /* Build configuration list for PBXNativeTarget "SearchHubAppUITests" */ = {
			isa = XCConfigurationList;
			buildConfigurations = (
				78F4A22726B1A22200FE676F /* Debug */,
				78F4A22826B1A22200FE676F /* Release */,
			);
			defaultConfigurationIsVisible = 0;
			defaultConfigurationName = Release;
		};
/* End XCConfigurationList section */
	};
	rootObject = 78F4A1EE26B1A22100FE676F /* Project object */;
}
